
Microsoft Visual Studio Solution File, Format Version 12.00
# Visual Studio Version 17
VisualStudioVersion = 17.4.33103.184
MinimumVisualStudioVersion = 10.0.40219.1
Project("{8BC9CEB8-8B4A-11D0-8D11-00A0C91BC942}") = "FUNCTION_INLAB", "FUNCTION_INLAB\FUNCTION_INLAB.vcxproj", "{FA0B0109-3FB6-4067-BB8E-2733164548BB}"
EndProject
Global
	GlobalSection(SolutionConfigurationPlatforms) = preSolution
		Debug|x64 = Debug|x64
		Debug|x86 = Debug|x86
		Release|x64 = Release|x64
		Release|x86 = Release|x86
	EndGlobalSection
	GlobalSection(ProjectConfigurationPlatforms) = postSolution
		{FA0B0109-3FB6-4067-BB8E-2733164548BB}.Debug|x64.ActiveCfg = Debug|x64
		{FA0B0109-3FB6-4067-BB8E-2733164548BB}.Debug|x64.Build.0 = Debug|x64
		{FA0B0109-3FB6-4067-BB8E-2733164548BB}.Debug|x86.ActiveCfg = Debug|Win32
		{FA0B0109-3FB6-4067-BB8E-2733164548BB}.Debug|x86.Build.0 = Debug|Win32
		{FA0B0109-3FB6-4067-BB8E-2733164548BB}.Release|x64.ActiveCfg = Release|x64
		{FA0B0109-3FB6-4067-BB8E-2733164548BB}.Release|x64.Build.0 = Release|x64
		{FA0B0109-3FB6-4067-BB8E-2733164548BB}.Release|x86.ActiveCfg = Release|Win32
		{FA0B0109-3FB6-4067-BB8E-2733164548BB}.Release|x86.Build.0 = Release|Win32
	EndGlobalSection
	GlobalSection(SolutionProperties) = preSolution
		HideSolutionNode = FALSE
	EndGlobalSection
	GlobalSection(ExtensibilityGlobals) = postSolution
		SolutionGuid = {437AF02E-B77E-48ED-A989-5410B5CB9057}
	EndGlobalSection
EndGlobal
